{
  "name": "SchoolBuddy",
  "version": "1.0.0",
  "lockfileVersion": 1,
  "requires": true,
  "dependencies": {
    "body-parser": {
      "version": "1.12.2",
      "resolved": "https://registry.npmjs.org/body-parser/-/body-parser-1.12.2.tgz",
      "integrity": "sha1-aYNo+038V6Bb/x3bG+vro70sDoc=",
      "requires": {
        "bytes": "1.0.0",
        "content-type": "~1.0.1",
        "debug": "~2.1.3",
        "depd": "~1.0.0",
        "iconv-lite": "0.4.7",
        "on-finished": "~2.2.0",
        "qs": "2.4.1",
        "raw-body": "1.3.3",
        "type-is": "~1.6.1"
      },
      "dependencies": {
        "bytes": {
          "version": "1.0.0",
          "resolved": "https://registry.npmjs.org/bytes/-/bytes-1.0.0.tgz",
          "integrity": "sha1-NWnt6Lo0MV+rmcPpLLBMciDeH6g="
        },
        "content-type": {
          "version": "1.0.1",
          "resolved": "https://registry.npmjs.org/content-type/-/content-type-1.0.1.tgz",
          "integrity": "sha1-oZ0iRzJ9wDgFDOYit6FU7FnF5gA="
        },
        "debug": {
          "version": "2.1.3",
          "resolved": "https://registry.npmjs.org/debug/-/debug-2.1.3.tgz",
          "integrity": "sha1-zoqxte6PvuK/o7Yzyrk9NmtjQY4=",
          "requires": {
            "ms": "0.7.0"
          },
          "dependencies": {
            "ms": {
              "version": "0.7.0",
              "resolved": "https://registry.npmjs.org/ms/-/ms-0.7.0.tgz",
              "integrity": "sha1-hlvpTC5zl62KV9pqYzpuLzB5i4M="
            }
          }
        },
        "depd": {
          "version": "1.0.0",
          "resolved": "https://registry.npmjs.org/depd/-/depd-1.0.0.tgz",
          "integrity": "sha1-L9oNAOmKrihF1Jkasb8fKhmQc9U="
        },
        "iconv-lite": {
          "version": "0.4.7",
          "resolved": "https://registry.npmjs.org/iconv-lite/-/iconv-lite-0.4.7.tgz",
          "integrity": "sha1-idMv7IIb+Fl/RGCbS8Cb7VwgmiM="
        },
        "on-finished": {
          "version": "2.2.0",
          "resolved": "https://registry.npmjs.org/on-finished/-/on-finished-2.2.0.tgz",
          "integrity": "sha1-5rpqCaNILWt5abw9qSyG8KlnYF4=",
          "requires": {
            "ee-first": "1.1.0"
          },
          "dependencies": {
            "ee-first": {
              "version": "1.1.0",
              "resolved": "https://registry.npmjs.org/ee-first/-/ee-first-1.1.0.tgz",
              "integrity": "sha1-ag18YiHkkP7v2S7D9EHJzozQl/Q="
            }
          }
        },
        "qs": {
          "version": "2.4.1",
          "resolved": "https://registry.npmjs.org/qs/-/qs-2.4.1.tgz",
          "integrity": "sha1-aMuuqXEBNCaoDBQE+taxprEXUkU="
        },
        "raw-body": {
          "version": "1.3.3",
          "resolved": "https://registry.npmjs.org/raw-body/-/raw-body-1.3.3.tgz",
          "integrity": "sha1-iEGvP2StUKNR3HfyKRGLQMKPpYw=",
          "requires": {
            "bytes": "1.0.0",
            "iconv-lite": "0.4.7"
          }
        },
        "type-is": {
          "version": "1.6.1",
          "resolved": "https://registry.npmjs.org/type-is/-/type-is-1.6.1.tgz",
          "integrity": "sha1-Sa3eyw9oMcvB00upKfDzpPIbDy4=",
          "requires": {
            "media-typer": "0.3.0",
            "mime-types": "~2.0.10"
          },
          "dependencies": {
            "media-typer": {
              "version": "0.3.0",
              "resolved": "https://registry.npmjs.org/media-typer/-/media-typer-0.3.0.tgz",
              "integrity": "sha1-hxDXrwqmJvj/+hzgAWhUUmMlV0g="
            },
            "mime-types": {
              "version": "2.0.10",
              "resolved": "https://registry.npmjs.org/mime-types/-/mime-types-2.0.10.tgz",
              "integrity": "sha1-6s2Bu3PKsqd0R1SaB41PIBjGe00=",
              "requires": {
                "mime-db": "~1.8.0"
              },
              "dependencies": {
                "mime-db": {
                  "version": "1.8.0",
                  "resolved": "https://registry.npmjs.org/mime-db/-/mime-db-1.8.0.tgz",
                  "integrity": "sha1-gqmzhfIrD1lU3sTURfq6ByLErSU="
                }
              }
            }
          }
        }
      }
    },
    "debug": {
      "version": "2.1.3",
      "resolved": "https://registry.npmjs.org/debug/-/debug-2.1.3.tgz",
      "integrity": "sha1-zoqxte6PvuK/o7Yzyrk9NmtjQY4=",
      "requires": {
        "ms": "0.7.0"
      },
      "dependencies": {
        "ms": {
          "version": "0.7.0",
          "resolved": "https://registry.npmjs.org/ms/-/ms-0.7.0.tgz",
          "integrity": "sha1-hlvpTC5zl62KV9pqYzpuLzB5i4M="
        }
      }
    },
    "express": {
      "version": "4.12.3",
      "resolved": "https://registry.npmjs.org/express/-/express-4.12.3.tgz",
      "integrity": "sha1-a52UrsWuAycNhtOQwneoxaWtDuI=",
      "requires": {
        "accepts": "~1.2.5",
        "content-disposition": "0.5.0",
        "content-type": "~1.0.1",
        "cookie": "0.1.2",
        "cookie-signature": "1.0.6",
        "debug": "~2.1.3",
        "depd": "~1.0.0",
        "escape-html": "1.0.1",
        "etag": "~1.5.1",
        "finalhandler": "0.3.4",
        "fresh": "0.2.4",
        "merge-descriptors": "1.0.0",
        "methods": "~1.1.1",
        "on-finished": "~2.2.0",
        "parseurl": "~1.3.0",
        "path-to-regexp": "0.1.3",
        "proxy-addr": "~1.0.7",
        "qs": "2.4.1",
        "range-parser": "~1.0.2",
        "send": "0.12.2",
        "serve-static": "~1.9.2",
        "type-is": "~1.6.1",
        "utils-merge": "1.0.0",
        "vary": "~1.0.0"
      },
      "dependencies": {
        "accepts": {
          "version": "1.2.5",
          "resolved": "https://registry.npmjs.org/accepts/-/accepts-1.2.5.tgz",
          "integrity": "sha1-uwfcUsFBrlYmEag2/0M7zsiHHOk=",
          "requires": {
            "mime-types": "~2.0.10",
            "negotiator": "0.5.1"
          },
          "dependencies": {
            "mime-types": {
              "version": "2.0.10",
              "resolved": "https://registry.npmjs.org/mime-types/-/mime-types-2.0.10.tgz",
              "integrity": "sha1-6s2Bu3PKsqd0R1SaB41PIBjGe00=",
              "requires": {
                "mime-db": "~1.8.0"
              },
              "dependencies": {
                "mime-db": {
                  "version": "1.8.0",
                  "resolved": "https://registry.npmjs.org/mime-db/-/mime-db-1.8.0.tgz",
                  "integrity": "sha1-gqmzhfIrD1lU3sTURfq6ByLErSU="
                }
              }
            },
            "negotiator": {
              "version": "0.5.1",
              "resolved": "https://registry.npmjs.org/negotiator/-/negotiator-0.5.1.tgz",
              "integrity": "sha1-SY9mHFIkcBU8YIasgwGcs+tm9hw="
            }
          }
        },
        "content-disposition": {
          "version": "0.5.0",
          "resolved": "https://registry.npmjs.org/content-disposition/-/content-disposition-0.5.0.tgz",
          "integrity": "sha1-QoT+auBjCHRjnkToCkGMKTQTXp4="
        },
        "content-type": {
          "version": "1.0.1",
          "resolved": "https://registry.npmjs.org/content-type/-/content-type-1.0.1.tgz",
          "integrity": "sha1-oZ0iRzJ9wDgFDOYit6FU7FnF5gA="
        },
        "cookie": {
          "version": "0.1.2",
          "resolved": "https://registry.npmjs.org/cookie/-/cookie-0.1.2.tgz",
          "integrity": "sha1-cv7D0k5Io0Mgc9kMEmQgBQYQBLE="
        },
        "cookie-signature": {
          "version": "1.0.6",
          "resolved": "https://registry.npmjs.org/cookie-signature/-/cookie-signature-1.0.6.tgz",
          "integrity": "sha1-4wOogrNCzD7oylE6eZmXNNqzriw="
        },
        "debug": {
          "version": "2.1.3",
          "resolved": "https://registry.npmjs.org/debug/-/debug-2.1.3.tgz",
          "integrity": "sha1-zoqxte6PvuK/o7Yzyrk9NmtjQY4=",
          "requires": {
            "ms": "0.7.0"
          },
          "dependencies": {
            "ms": {
              "version": "0.7.0",
              "resolved": "https://registry.npmjs.org/ms/-/ms-0.7.0.tgz",
              "integrity": "sha1-hlvpTC5zl62KV9pqYzpuLzB5i4M="
            }
          }
        },
        "depd": {
          "version": "1.0.0",
          "resolved": "https://registry.npmjs.org/depd/-/depd-1.0.0.tgz",
          "integrity": "sha1-L9oNAOmKrihF1Jkasb8fKhmQc9U="
        },
        "escape-html": {
          "version": "1.0.1",
          "resolved": "https://registry.npmjs.org/escape-html/-/escape-html-1.0.1.tgz",
          "integrity": "sha1-GBoobq05ejmpKFfPsdQwUuNWv/A="
        },
        "etag": {
          "version": "1.5.1",
          "resolved": "https://registry.npmjs.org/etag/-/etag-1.5.1.tgz",
          "integrity": "sha1-VMUN4E7kJpVWKSWsVmWIKRvn6eo=",
          "requires": {
            "crc": "3.2.1"
          },
          "dependencies": {
            "crc": {
              "version": "3.2.1",
              "resolved": "https://registry.npmjs.org/crc/-/crc-3.2.1.tgz",
              "integrity": "sha1-XZyPt3okXNXsopHl0tAFM0urAII="
            }
          }
        },
        "finalhandler": {
          "version": "0.3.4",
          "resolved": "https://registry.npmjs.org/finalhandler/-/finalhandler-0.3.4.tgz",
          "integrity": "sha1-R4fTVz0HmuiwdTbyawuRHrryoqw=",
          "requires": {
            "debug": "~2.1.3",
            "escape-html": "1.0.1",
            "on-finished": "~2.2.0"
          }
        },
        "fresh": {
          "version": "0.2.4",
          "resolved": "https://registry.npmjs.org/fresh/-/fresh-0.2.4.tgz",
          "integrity": "sha1-NYJJkgbJcjcUGQ7ddLRgT+tKYUw="
        },
        "merge-descriptors": {
          "version": "1.0.0",
          "resolved": "https://registry.npmjs.org/merge-descriptors/-/merge-descriptors-1.0.0.tgz",
          "integrity": "sha1-IWnPdTjhsMyH+4jhUC2EdLv3mGQ="
        },
        "methods": {
          "version": "1.1.1",
          "resolved": "https://registry.npmjs.org/methods/-/methods-1.1.1.tgz",
          "integrity": "sha1-F+pjZgZtAMWON1uOx9/QRTyJgio="
        },
        "on-finished": {
          "version": "2.2.0",
          "resolved": "https://registry.npmjs.org/on-finished/-/on-finished-2.2.0.tgz",
          "integrity": "sha1-5rpqCaNILWt5abw9qSyG8KlnYF4=",
          "requires": {
            "ee-first": "1.1.0"
          },
          "dependencies": {
            "ee-first": {
              "version": "1.1.0",
              "resolved": "https://registry.npmjs.org/ee-first/-/ee-first-1.1.0.tgz",
              "integrity": "sha1-ag18YiHkkP7v2S7D9EHJzozQl/Q="
            }
          }
        },
        "parseurl": {
          "version": "1.3.0",
          "resolved": "https://registry.npmjs.org/parseurl/-/parseurl-1.3.0.tgz",
          "integrity": "sha1-tYBG20Ij4UWvp2AJ5hush8wigbM="
        },
        "path-to-regexp": {
          "version": "0.1.3",
          "resolved": "https://registry.npmjs.org/path-to-regexp/-/path-to-regexp-0.1.3.tgz",
          "integrity": "sha1-IbmrgidCed4lsVbqCP0SylG4rss="
        },
        "proxy-addr": {
          "version": "1.0.7",
          "resolved": "https://registry.npmjs.org/proxy-addr/-/proxy-addr-1.0.7.tgz",
          "integrity": "sha1-biZVqpxWsBTwlzSn5tVYzHd1GTk=",
          "requires": {
            "forwarded": "~0.1.0",
            "ipaddr.js": "0.1.9"
          },
          "dependencies": {
            "forwarded": {
              "version": "0.1.0",
              "resolved": "https://registry.npmjs.org/forwarded/-/forwarded-0.1.0.tgz",
              "integrity": "sha1-Ge+YdMSuHCl7zweP3mOgm2aoQ2M="
            },
            "ipaddr.js": {
              "version": "0.1.9",
              "resolved": "https://registry.npmjs.org/ipaddr.js/-/ipaddr.js-0.1.9.tgz",
              "integrity": "sha1-qceMzBLckBDylqua7y9h9DLWnvo="
            }
          }
        },
        "qs": {
          "version": "2.4.1",
          "resolved": "https://registry.npmjs.org/qs/-/qs-2.4.1.tgz",
          "integrity": "sha1-aMuuqXEBNCaoDBQE+taxprEXUkU="
        },
        "range-parser": {
          "version": "1.0.2",
          "resolved": "https://registry.npmjs.org/range-parser/-/range-parser-1.0.2.tgz",
          "integrity": "sha1-BqEqQuUTG6jkV82JIESGfyNE5Uk="
        },
        "send": {
          "version": "0.12.2",
          "resolved": "https://registry.npmjs.org/send/-/send-0.12.2.tgz",
          "integrity": "sha1-umeF5Hq0GqA1i52kAasi/w9Y6rY=",
          "requires": {
            "debug": "~2.1.3",
            "depd": "~1.0.0",
            "destroy": "1.0.3",
            "escape-html": "1.0.1",
            "etag": "~1.5.1",
            "fresh": "0.2.4",
            "mime": "1.3.4",
            "ms": "0.7.0",
            "on-finished": "~2.2.0",
            "range-parser": "~1.0.2"
          },
          "dependencies": {
            "destroy": {
              "version": "1.0.3",
              "resolved": "https://registry.npmjs.org/destroy/-/destroy-1.0.3.tgz",
              "integrity": "sha1-tDO0ck5x/YVR2YhRdIUcX8N34sk="
            },
            "mime": {
              "version": "1.3.4",
              "resolved": "https://registry.npmjs.org/mime/-/mime-1.3.4.tgz",
              "integrity": "sha1-EV+eO2s9rylZmDyzjxSaLUDrXVM="
            },
            "ms": {
              "version": "0.7.0",
              "resolved": "https://registry.npmjs.org/ms/-/ms-0.7.0.tgz",
              "integrity": "sha1-hlvpTC5zl62KV9pqYzpuLzB5i4M="
            }
          }
        },
        "serve-static": {
          "version": "1.9.2",
          "resolved": "https://registry.npmjs.org/serve-static/-/serve-static-1.9.2.tgz",
          "integrity": "sha1-Bp+jJFNVeyGOwuORQMgtiQXVZyw=",
          "requires": {
            "escape-html": "1.0.1",
            "parseurl": "~1.3.0",
            "send": "0.12.2",
            "utils-merge": "1.0.0"
          }
        },
        "type-is": {
          "version": "1.6.1",
          "resolved": "https://registry.npmjs.org/type-is/-/type-is-1.6.1.tgz",
          "integrity": "sha1-Sa3eyw9oMcvB00upKfDzpPIbDy4=",
          "requires": {
            "media-typer": "0.3.0",
            "mime-types": "~2.0.10"
          },
          "dependencies": {
            "media-typer": {
              "version": "0.3.0",
              "resolved": "https://registry.npmjs.org/media-typer/-/media-typer-0.3.0.tgz",
              "integrity": "sha1-hxDXrwqmJvj/+hzgAWhUUmMlV0g="
            },
            "mime-types": {
              "version": "2.0.10",
              "resolved": "https://registry.npmjs.org/mime-types/-/mime-types-2.0.10.tgz",
              "integrity": "sha1-6s2Bu3PKsqd0R1SaB41PIBjGe00=",
              "requires": {
                "mime-db": "~1.8.0"
              },
              "dependencies": {
                "mime-db": {
                  "version": "1.8.0",
                  "resolved": "https://registry.npmjs.org/mime-db/-/mime-db-1.8.0.tgz",
                  "integrity": "sha1-gqmzhfIrD1lU3sTURfq6ByLErSU="
                }
              }
            }
          }
        },
        "utils-merge": {
          "version": "1.0.0",
          "resolved": "https://registry.npmjs.org/utils-merge/-/utils-merge-1.0.0.tgz",
          "integrity": "sha1-ApT7kiu5N1FTVBxPcJYjHyh8ivg="
        },
        "vary": {
          "version": "1.0.0",
          "resolved": "https://registry.npmjs.org/vary/-/vary-1.0.0.tgz",
          "integrity": "sha1-xeds7CDTgg2PKpbnvuOHMcNNoec="
        }
      }
    },
    "jade": {
      "version": "1.9.2",
      "resolved": "https://registry.npmjs.org/jade/-/jade-1.9.2.tgz",
      "integrity": "sha1-C4n5xg1OrSc46Ca6eyzKyaVwKr4=",
      "requires": {
        "character-parser": "1.2.1",
        "commander": "~2.6.0",
        "constantinople": "~3.0.1",
        "mkdirp": "~0.5.0",
        "transformers": "2.1.0",
        "void-elements": "~2.0.1",
        "with": "~4.0.0"
      },
      "dependencies": {
        "character-parser": {
          "version": "1.2.1",
          "resolved": "https://registry.npmjs.org/character-parser/-/character-parser-1.2.1.tgz",
          "integrity": "sha1-wN3kqxgnE7kZuXCVmhI+zBow/NY="
        },
        "commander": {
          "version": "2.6.0",
          "resolved": "https://registry.npmjs.org/commander/-/commander-2.6.0.tgz",
          "integrity": "sha1-nfflL7Kgyw+4kFjugMMQQiXzfh0="
        },
        "constantinople": {
          "version": "3.0.1",
          "resolved": "https://registry.npmjs.org/constantinople/-/constantinople-3.0.1.tgz",
          "integrity": "sha1-Hd+d6sDRTENnwdWz8W+ydj8SMQg=",
          "requires": {
            "acorn-globals": "^1.0.0"
          },
          "dependencies": {
            "acorn-globals": {
              "version": "1.0.4",
              "resolved": "https://registry.npmjs.org/acorn-globals/-/acorn-globals-1.0.4.tgz",
              "integrity": "sha1-ToUo5yS0+iS6VTrUecTHhYmvv88=",
              "requires": {
                "acorn": "^1.0.1"
              },
              "dependencies": {
                "acorn": {
                  "version": "1.0.3",
                  "resolved": "https://registry.npmjs.org/acorn/-/acorn-1.0.3.tgz",
                  "integrity": "sha1-b0zXxN6PQ6knCOzYGA/krKNrr/A="
                }
              }
            }
          }
        },
        "mkdirp": {
          "version": "0.5.0",
          "resolved": "https://registry.npmjs.org/mkdirp/-/mkdirp-0.5.0.tgz",
          "integrity": "sha1-HXMHam35hs2TROFecfzAWkyavxI=",
          "requires": {
            "minimist": "0.0.8"
          },
          "dependencies": {
            "minimist": {
              "version": "0.0.8",
              "resolved": "https://registry.npmjs.org/minimist/-/minimist-0.0.8.tgz",
              "integrity": "sha1-hX/Kv8M5fSYluCKCYuhqp6ARsF0="
            }
          }
        },
        "transformers": {
          "version": "2.1.0",
          "resolved": "https://registry.npmjs.org/transformers/-/transformers-2.1.0.tgz",
          "integrity": "sha1-XSPLNVYd2F3Gf7hIIwm0fVPM6ac=",
          "requires": {
            "css": "~1.0.8",
            "promise": "~2.0",
            "uglify-js": "~2.2.5"
          },
          "dependencies": {
            "css": {
              "version": "1.0.8",
              "resolved": "https://registry.npmjs.org/css/-/css-1.0.8.tgz",
              "integrity": "sha1-k4aBHKgrzMnuf7WnMrHioxfIo+c=",
              "requires": {
                "css-parse": "1.0.4",
                "css-stringify": "1.0.5"
              },
              "dependencies": {
                "css-parse": {
                  "version": "1.0.4",
                  "resolved": "https://registry.npmjs.org/css-parse/-/css-parse-1.0.4.tgz",
                  "integrity": "sha1-OLBQP7+dqfVOnB29pg4UXHcRe90="
                },
                "css-stringify": {
                  "version": "1.0.5",
                  "resolved": "https://registry.npmjs.org/css-stringify/-/css-stringify-1.0.5.tgz",
                  "integrity": "sha1-sNBClG2ylTu50pKQCmy19tASIDE="
                }
              }
            },
            "promise": {
              "version": "2.0.0",
              "resolved": "https://registry.npmjs.org/promise/-/promise-2.0.0.tgz",
              "integrity": "sha1-RmSKqdYFr10ucMMCS/WUNtoCuA4=",
              "requires": {
                "is-promise": "~1"
              },
              "dependencies": {
                "is-promise": {
                  "version": "1.0.1",
                  "resolved": "https://registry.npmjs.org/is-promise/-/is-promise-1.0.1.tgz",
                  "integrity": "sha1-MVc3YcBX4zwukaq56W2gjO++duU="
                }
              }
            },
            "uglify-js": {
              "version": "2.2.5",
              "resolved": "https://registry.npmjs.org/uglify-js/-/uglify-js-2.2.5.tgz",
              "integrity": "sha1-puAqcNg5eSuXgEiLe4sYTAlcmcc=",
              "requires": {
                "optimist": "~0.3.5",
                "source-map": "~0.1.7"
              },
              "dependencies": {
                "optimist": {
                  "version": "0.3.7",
                  "resolved": "https://registry.npmjs.org/optimist/-/optimist-0.3.7.tgz",
                  "integrity": "sha1-yQlBrVnkJzMokjB00s8ufLxuwNk=",
                  "requires": {
                    "wordwrap": "~0.0.2"
                  },
                  "dependencies": {
                    "wordwrap": {
                      "version": "0.0.2",
                      "resolved": "https://registry.npmjs.org/wordwrap/-/wordwrap-0.0.2.tgz",
                      "integrity": "sha1-t5Zpu0LstAn4PVg8rVLKF+qhZD8="
                    }
                  }
                },
                "source-map": {
                  "version": "0.1.43",
                  "resolved": "https://registry.npmjs.org/source-map/-/source-map-0.1.43.tgz",
                  "integrity": "sha1-wkvBRspRfBRx9drL4lcbK3+eM0Y=",
                  "requires": {
                    "amdefine": ">=0.0.4"
                  },
                  "dependencies": {
                    "amdefine": {
                      "version": "0.1.0",
                      "resolved": "https://registry.npmjs.org/amdefine/-/amdefine-0.1.0.tgz",
                      "integrity": "sha1-PKlzXPHd4O33pL9mQXCcgCT5sic="
                    }
                  }
                }
              }
            }
          }
        },
        "void-elements": {
          "version": "2.0.1",
          "resolved": "https://registry.npmjs.org/void-elements/-/void-elements-2.0.1.tgz",
          "integrity": "sha1-wGavtYK7HLQSjWDqkjkulNXp2+w="
        },
        "with": {
          "version": "4.0.3",
          "resolved": "https://registry.npmjs.org/with/-/with-4.0.3.tgz",
          "integrity": "sha1-7v0VTp550sjTQXtkeo8U2f7M4U4=",
          "requires": {
            "acorn": "^1.0.1",
            "acorn-globals": "^1.0.3"
          },
          "dependencies": {
            "acorn": {
              "version": "1.0.3",
              "resolved": "https://registry.npmjs.org/acorn/-/acorn-1.0.3.tgz",
              "integrity": "sha1-b0zXxN6PQ6knCOzYGA/krKNrr/A="
            },
            "acorn-globals": {
              "version": "1.0.4",
              "resolved": "https://registry.npmjs.org/acorn-globals/-/acorn-globals-1.0.4.tgz",
              "integrity": "sha1-ToUo5yS0+iS6VTrUecTHhYmvv88=",
              "requires": {
                "acorn": "^1.0.1"
              }
            }
          }
        }
      }
    },
    "morgan": {
      "version": "1.5.2",
      "resolved": "https://registry.npmjs.org/morgan/-/morgan-1.5.2.tgz",
      "integrity": "sha1-NMGg58LVrT7Xjw7zJXuKx8NdfP8=",
      "requires": {
        "basic-auth": "1.0.0",
        "debug": "~2.1.3",
        "depd": "~1.0.0",
        "on-finished": "~2.2.0"
      },
      "dependencies": {
        "basic-auth": {
          "version": "1.0.0",
          "resolved": "https://registry.npmjs.org/basic-auth/-/basic-auth-1.0.0.tgz",
          "integrity": "sha1-ERstn/jk5tE2uMhOpeCWy4c1Fjc="
        },
        "debug": {
          "version": "2.1.3",
          "resolved": "https://registry.npmjs.org/debug/-/debug-2.1.3.tgz",
          "integrity": "sha1-zoqxte6PvuK/o7Yzyrk9NmtjQY4=",
          "requires": {
            "ms": "0.7.0"
          },
          "dependencies": {
            "ms": {
              "version": "0.7.0",
              "resolved": "https://registry.npmjs.org/ms/-/ms-0.7.0.tgz",
              "integrity": "sha1-hlvpTC5zl62KV9pqYzpuLzB5i4M="
            }
          }
        },
        "depd": {
          "version": "1.0.0",
          "resolved": "https://registry.npmjs.org/depd/-/depd-1.0.0.tgz",
          "integrity": "sha1-L9oNAOmKrihF1Jkasb8fKhmQc9U="
        },
        "on-finished": {
          "version": "2.2.0",
          "resolved": "https://registry.npmjs.org/on-finished/-/on-finished-2.2.0.tgz",
          "integrity": "sha1-5rpqCaNILWt5abw9qSyG8KlnYF4=",
          "requires": {
            "ee-first": "1.1.0"
          },
          "dependencies": {
            "ee-first": {
              "version": "1.1.0",
              "resolved": "https://registry.npmjs.org/ee-first/-/ee-first-1.1.0.tgz",
              "integrity": "sha1-ag18YiHkkP7v2S7D9EHJzozQl/Q="
            }
          }
        }
      }
    },
    "serve-favicon": {
      "version": "2.2.0",
      "resolved": "https://registry.npmjs.org/serve-favicon/-/serve-favicon-2.2.0.tgz",
      "integrity": "sha1-oMJe6KZS4aY4pn20YmnNUqhwWFg=",
      "requires": {
        "etag": "~1.5.1",
        "fresh": "0.2.4",
        "ms": "0.7.0",
        "parseurl": "~1.3.0"
      },
      "dependencies": {
        "etag": {
          "version": "1.5.1",
          "resolved": "https://registry.npmjs.org/etag/-/etag-1.5.1.tgz",
          "integrity": "sha1-VMUN4E7kJpVWKSWsVmWIKRvn6eo=",
          "requires": {
            "crc": "3.2.1"
          },
          "dependencies": {
            "crc": {
              "version": "3.2.1",
              "resolved": "https://registry.npmjs.org/crc/-/crc-3.2.1.tgz",
              "integrity": "sha1-XZyPt3okXNXsopHl0tAFM0urAII="
            }
          }
        },
        "fresh": {
          "version": "0.2.4",
          "resolved": "https://registry.npmjs.org/fresh/-/fresh-0.2.4.tgz",
          "integrity": "sha1-NYJJkgbJcjcUGQ7ddLRgT+tKYUw="
        },
        "ms": {
          "version": "0.7.0",
          "resolved": "https://registry.npmjs.org/ms/-/ms-0.7.0.tgz",
          "integrity": "sha1-hlvpTC5zl62KV9pqYzpuLzB5i4M="
        },
        "parseurl": {
          "version": "1.3.0",
          "resolved": "https://registry.npmjs.org/parseurl/-/parseurl-1.3.0.tgz",
          "integrity": "sha1-tYBG20Ij4UWvp2AJ5hush8wigbM="
        }
      }
    }
  }
}
